// !$*UTF8*$!
{
	archiveVersion = 1;
	classes = {
	};
	objectVersion = 63;
	objects = {

/* Begin PBXBuildFile section */
		1045648DAF1E1BD00B389F0E /* ContentView.swift in Sources */ = {isa = PBXBuildFile; fileRef = 4BF4806E74EAB760A4E9EC5F /* ContentView.swift */; };
		112E398CDCC20117A2ECB424 /* Models.swift in Sources */ = {isa = PBXBuildFile; fileRef = B8B2BBFDA91BF4474FA5208D /* Models.swift */; };
		3682909166CF9358F2DB7786 /* TimerSettingView.swift in Sources */ = {isa = PBXBuildFile; fileRef = 975A996DB43A6FF566DCBB85 /* TimerSettingView.swift */; };
		5B7E0426D7D20E4C5440EC7F /* AppDelegate.swift in Sources */ = {isa = PBXBuildFile; fileRef = 4B41C292C9FDCFD551269F20 /* AppDelegate.swift */; };
		70CBEE3B832F49BE1622B9C4 /* CloudManager.swift in Sources */ = {isa = PBXBuildFile; fileRef = B6A3A7871D254E5C49A695BE /* CloudManager.swift */; };
		799CA9A1A3C4582DDB18B500 /* main.swift in Sources */ = {isa = PBXBuildFile; fileRef = 16029384597995803E416A9C /* main.swift */; };
		82E55C63023AA3599194AF82 /* UserSettings.swift in Sources */ = {isa = PBXBuildFile; fileRef = 7D602DD613D9B7EEBC95D5CD /* UserSettings.swift */; };
		8E27FE5DE3E2230FB65E7B32 /* AudioClassifier.swift in Sources */ = {isa = PBXBuildFile; fileRef = 83B1B8B6A23B95912E95A889 /* AudioClassifier.swift */; };
		8ED82D1DFD3BFD6F4E43E7D6 /* SettingsView.swift in Sources */ = {isa = PBXBuildFile; fileRef = 8B22380F6F6C89DF608EF5D3 /* SettingsView.swift */; };
		A2CB0993128D004941CA37B5 /* AudioSegment.swift in Sources */ = {isa = PBXBuildFile; fileRef = 72D719132E807D9D9C3BD0F9 /* AudioSegment.swift */; };
		B237DDE960794D166F5E9FC2 /* SleepDataManager.swift in Sources */ = {isa = PBXBuildFile; fileRef = 54EEA1ED109B5B5B27B628AF /* SleepDataManager.swift */; };
		BBAB7117EF18640FE6614A7F /* CloudRecordingsView.swift in Sources */ = {isa = PBXBuildFile; fileRef = AE3C5C421B3EB7D9C47DB751 /* CloudRecordingsView.swift */; };
		CF5CC62C6F7142ADFBA3A191 /* AudioPlayer.swift in Sources */ = {isa = PBXBuildFile; fileRef = AD033D56B9BA48F831BAD027 /* AudioPlayer.swift */; };
		DC77EEF903205EA1F19362FC /* AudioWaveformView.swift in Sources */ = {isa = PBXBuildFile; fileRef = 7E595B07879BDA1DCD58DE7E /* AudioWaveformView.swift */; };
		DEA3654C041C49FD1341E2DB /* RecordingManager.swift in Sources */ = {isa = PBXBuildFile; fileRef = 0D4B8E471CA9AC8CC81A6C8A /* RecordingManager.swift */; };
		EAD27D9D901A2C36A9BA5105 /* AudioRecorder.swift in Sources */ = {isa = PBXBuildFile; fileRef = DF0420BA085503FD094C25C7 /* AudioRecorder.swift */; };
/* End PBXBuildFile section */

/* Begin PBXFileReference section */
		0D4B8E471CA9AC8CC81A6C8A /* RecordingManager.swift */ = {isa = PBXFileReference; lastKnownFileType = sourcecode.swift; path = RecordingManager.swift; sourceTree = "<group>"; };
		16029384597995803E416A9C /* main.swift */ = {isa = PBXFileReference; lastKnownFileType = sourcecode.swift; path = main.swift; sourceTree = "<group>"; };
		4B41C292C9FDCFD551269F20 /* AppDelegate.swift */ = {isa = PBXFileReference; lastKnownFileType = sourcecode.swift; path = AppDelegate.swift; sourceTree = "<group>"; };
		4BF4806E74EAB760A4E9EC5F /* ContentView.swift */ = {isa = PBXFileReference; lastKnownFileType = sourcecode.swift; path = ContentView.swift; sourceTree = "<group>"; };
		54EEA1ED109B5B5B27B628AF /* SleepDataManager.swift */ = {isa = PBXFileReference; lastKnownFileType = sourcecode.swift; path = SleepDataManager.swift; sourceTree = "<group>"; };
		61C45C1B945A447AD2CF4F80 /* Info.plist */ = {isa = PBXFileReference; lastKnownFileType = text.plist; path = Info.plist; sourceTree = "<group>"; };
		63F17908E393C9E039F944BC /* BetterSleep.app */ = {isa = PBXFileReference; explicitFileType = wrapper.application; includeInIndex = 0; path = BetterSleep.app; sourceTree = BUILT_PRODUCTS_DIR; };
		72D719132E807D9D9C3BD0F9 /* AudioSegment.swift */ = {isa = PBXFileReference; lastKnownFileType = sourcecode.swift; path = AudioSegment.swift; sourceTree = "<group>"; };
		7D602DD613D9B7EEBC95D5CD /* UserSettings.swift */ = {isa = PBXFileReference; lastKnownFileType = sourcecode.swift; path = UserSettings.swift; sourceTree = "<group>"; };
		7E595B07879BDA1DCD58DE7E /* AudioWaveformView.swift */ = {isa = PBXFileReference; lastKnownFileType = sourcecode.swift; path = AudioWaveformView.swift; sourceTree = "<group>"; };
		83B1B8B6A23B95912E95A889 /* AudioClassifier.swift */ = {isa = PBXFileReference; lastKnownFileType = sourcecode.swift; path = AudioClassifier.swift; sourceTree = "<group>"; };
		8B22380F6F6C89DF608EF5D3 /* SettingsView.swift */ = {isa = PBXFileReference; lastKnownFileType = sourcecode.swift; path = SettingsView.swift; sourceTree = "<group>"; };
		975A996DB43A6FF566DCBB85 /* TimerSettingView.swift */ = {isa = PBXFileReference; lastKnownFileType = sourcecode.swift; path = TimerSettingView.swift; sourceTree = "<group>"; };
		AD033D56B9BA48F831BAD027 /* AudioPlayer.swift */ = {isa = PBXFileReference; lastKnownFileType = sourcecode.swift; path = AudioPlayer.swift; sourceTree = "<group>"; };
		AE3C5C421B3EB7D9C47DB751 /* CloudRecordingsView.swift */ = {isa = PBXFileReference; lastKnownFileType = sourcecode.swift; path = CloudRecordingsView.swift; sourceTree = "<group>"; };
		B6A3A7871D254E5C49A695BE /* CloudManager.swift */ = {isa = PBXFileReference; lastKnownFileType = sourcecode.swift; path = CloudManager.swift; sourceTree = "<group>"; };
		B8B2BBFDA91BF4474FA5208D /* Models.swift */ = {isa = PBXFileReference; lastKnownFileType = sourcecode.swift; path = Models.swift; sourceTree = "<group>"; };
		DF0420BA085503FD094C25C7 /* AudioRecorder.swift */ = {isa = PBXFileReference; lastKnownFileType = sourcecode.swift; path = AudioRecorder.swift; sourceTree = "<group>"; };
/* End PBXFileReference section */

/* Begin PBXGroup section */
		14A48E46A1C52ACBE015E6B3 /* BetterSleep */ = {
			isa = PBXGroup;
			children = (
				4B41C292C9FDCFD551269F20 /* AppDelegate.swift */,
				83B1B8B6A23B95912E95A889 /* AudioClassifier.swift */,
				AD033D56B9BA48F831BAD027 /* AudioPlayer.swift */,
				DF0420BA085503FD094C25C7 /* AudioRecorder.swift */,
				72D719132E807D9D9C3BD0F9 /* AudioSegment.swift */,
				7E595B07879BDA1DCD58DE7E /* AudioWaveformView.swift */,
				B6A3A7871D254E5C49A695BE /* CloudManager.swift */,
				AE3C5C421B3EB7D9C47DB751 /* CloudRecordingsView.swift */,
				4BF4806E74EAB760A4E9EC5F /* ContentView.swift */,
				61C45C1B945A447AD2CF4F80 /* Info.plist */,
				16029384597995803E416A9C /* main.swift */,
				B8B2BBFDA91BF4474FA5208D /* Models.swift */,
				0D4B8E471CA9AC8CC81A6C8A /* RecordingManager.swift */,
				8B22380F6F6C89DF608EF5D3 /* SettingsView.swift */,
				54EEA1ED109B5B5B27B628AF /* SleepDataManager.swift */,
				975A996DB43A6FF566DCBB85 /* TimerSettingView.swift */,
				7D602DD613D9B7EEBC95D5CD /* UserSettings.swift */,
			);
			name = BetterSleep;
			path = Sources/BetterSleep;
			sourceTree = "<group>";
		};
		BDF33B108D64EDDF147A854A = {
			isa = PBXGroup;
			children = (
				14A48E46A1C52ACBE015E6B3 /* BetterSleep */,
				E72B3F459CE3CA510147DD80 /* Products */,
			);
			sourceTree = "<group>";
		};
		E72B3F459CE3CA510147DD80 /* Products */ = {
			isa = PBXGroup;
			children = (
				63F17908E393C9E039F944BC /* BetterSleep.app */,
			);
			name = Products;
			sourceTree = "<group>";
		};
/* End PBXGroup section */

/* Begin PBXNativeTarget section */
		60AB8EFB11AA85AB3BA7E171 /* BetterSleep */ = {
			isa = PBXNativeTarget;
			buildConfigurationList = 69C57F183AFF5C0F5ED0DC8F /* Build configuration list for PBXNativeTarget "BetterSleep" */;
			buildPhases = (
				9B3C2D9ECA225DBD6490DFDC /* Sources */,
			);
			buildRules = (
			);
			dependencies = (
			);
			name = BetterSleep;
			packageProductDependencies = (
			);
			productName = BetterSleep;
			productReference = 63F17908E393C9E039F944BC /* BetterSleep.app */;
			productType = "com.apple.product-type.application";
		};
/* End PBXNativeTarget section */

/* Begin PBXProject section */
		13089481B76125D496395FF1 /* Project object */ = {
			isa = PBXProject;
			attributes = {
				BuildIndependentTargetsInParallel = YES;
				LastUpgradeCheck = 1430;
			};
			buildConfigurationList = 769DABAC397494293752D121 /* Build configuration list for PBXProject "BetterSleep" */;
			compatibilityVersion = "Xcode 14.0";
			developmentRegion = en;
			hasScannedForEncodings = 0;
			knownRegions = (
				Base,
				en,
			);
			mainGroup = BDF33B108D64EDDF147A854A;
			minimizedProjectReferenceProxies = 1;
			projectDirPath = "";
			projectRoot = "";
			targets = (
				60AB8EFB11AA85AB3BA7E171 /* BetterSleep */,
			);
		};
/* End PBXProject section */

/* Begin PBXSourcesBuildPhase section */
		9B3C2D9ECA225DBD6490DFDC /* Sources */ = {
			isa = PBXSourcesBuildPhase;
			buildActionMask = 2147483647;
			files = (
				5B7E0426D7D20E4C5440EC7F /* AppDelegate.swift in Sources */,
				8E27FE5DE3E2230FB65E7B32 /* AudioClassifier.swift in Sources */,
				CF5CC62C6F7142ADFBA3A191 /* AudioPlayer.swift in Sources */,
				EAD27D9D901A2C36A9BA5105 /* AudioRecorder.swift in Sources */,
				A2CB0993128D004941CA37B5 /* AudioSegment.swift in Sources */,
				DC77EEF903205EA1F19362FC /* AudioWaveformView.swift in Sources */,
				70CBEE3B832F49BE1622B9C4 /* CloudManager.swift in Sources */,
				BBAB7117EF18640FE6614A7F /* CloudRecordingsView.swift in Sources */,
				1045648DAF1E1BD00B389F0E /* ContentView.swift in Sources */,
				112E398CDCC20117A2ECB424 /* Models.swift in Sources */,
				DEA3654C041C49FD1341E2DB /* RecordingManager.swift in Sources */,
				8ED82D1DFD3BFD6F4E43E7D6 /* SettingsView.swift in Sources */,
				B237DDE960794D166F5E9FC2 /* SleepDataManager.swift in Sources */,
				3682909166CF9358F2DB7786 /* TimerSettingView.swift in Sources */,
				82E55C63023AA3599194AF82 /* UserSettings.swift in Sources */,
				799CA9A1A3C4582DDB18B500 /* main.swift in Sources */,
			);
			runOnlyForDeploymentPostprocessing = 0;
		};
/* End PBXSourcesBuildPhase section */

/* Begin XCBuildConfiguration section */
		641CFCE9CC94814A87C4E706 /* Release */ = {
			isa = XCBuildConfiguration;
			buildSettings = {
				ALWAYS_SEARCH_USER_PATHS = NO;
				CLANG_ANALYZER_NONNULL = YES;
				CLANG_ANALYZER_NUMBER_OBJECT_CONVERSION = YES_AGGRESSIVE;
				CLANG_CXX_LANGUAGE_STANDARD = "gnu++14";
				CLANG_CXX_LIBRARY = "libc++";
				CLANG_ENABLE_MODULES = YES;
				CLANG_ENABLE_OBJC_ARC = YES;
				CLANG_ENABLE_OBJC_WEAK = YES;
				CLANG_WARN_BLOCK_CAPTURE_AUTORELEASING = YES;
				CLANG_WARN_BOOL_CONVERSION = YES;
				CLANG_WARN_COMMA = YES;
				CLANG_WARN_CONSTANT_CONVERSION = YES;
				CLANG_WARN_DEPRECATED_OBJC_IMPLEMENTATIONS = YES;
				CLANG_WARN_DIRECT_OBJC_ISA_USAGE = YES_ERROR;
				CLANG_WARN_DOCUMENTATION_COMMENTS = YES;
				CLANG_WARN_EMPTY_BODY = YES;
				CLANG_WARN_ENUM_CONVERSION = YES;
				CLANG_WARN_INFINITE_RECURSION = YES;
				CLANG_WARN_INT_CONVERSION = YES;
				CLANG_WARN_NON_LITERAL_NULL_CONVERSION = YES;
				CLANG_WARN_OBJC_IMPLICIT_RETAIN_SELF = YES;
				CLANG_WARN_OBJC_LITERAL_CONVERSION = YES;
				CLANG_WARN_OBJC_ROOT_CLASS = YES_ERROR;
				CLANG_WARN_QUOTED_INCLUDE_IN_FRAMEWORK_HEADER = YES;
				CLANG_WARN_RANGE_LOOP_ANALYSIS = YES;
				CLANG_WARN_STRICT_PROTOTYPES = YES;
				CLANG_WARN_SUSPICIOUS_MOVE = YES;
				CLANG_WARN_UNGUARDED_AVAILABILITY = YES_AGGRESSIVE;
				CLANG_WARN_UNREACHABLE_CODE = YES;
				CLANG_WARN__DUPLICATE_METHOD_MATCH = YES;
				COPY_PHASE_STRIP = NO;
				DEBUG_INFORMATION_FORMAT = "dwarf-with-dsym";
				ENABLE_NS_ASSERTIONS = NO;
				ENABLE_STRICT_OBJC_MSGSEND = YES;
				GCC_C_LANGUAGE_STANDARD = gnu11;
				GCC_NO_COMMON_BLOCKS = YES;
				GCC_WARN_64_TO_32_BIT_CONVERSION = YES;
				GCC_WARN_ABOUT_RETURN_TYPE = YES_ERROR;
				GCC_WARN_UNDECLARED_SELECTOR = YES;
				GCC_WARN_UNINITIALIZED_AUTOS = YES_AGGRESSIVE;
				GCC_WARN_UNUSED_FUNCTION = YES;
				GCC_WARN_UNUSED_VARIABLE = YES;
				MTL_ENABLE_DEBUG_INFO = NO;
				MTL_FAST_MATH = YES;
				PRODUCT_NAME = "$(TARGET_NAME)";
				SDKROOT = iphoneos;
				SWIFT_COMPILATION_MODE = wholemodule;
				SWIFT_OPTIMIZATION_LEVEL = "-O";
				SWIFT_VERSION = 5.0;
			};
			name = Release;
		};
		82F0B515951B6D3FD54FCF44 /* Debug */ = {
			isa = XCBuildConfiguration;
			buildSettings = {
				ALWAYS_SEARCH_USER_PATHS = NO;
				CLANG_ANALYZER_NONNULL = YES;
				CLANG_ANALYZER_NUMBER_OBJECT_CONVERSION = YES_AGGRESSIVE;
				CLANG_CXX_LANGUAGE_STANDARD = "gnu++14";
				CLANG_CXX_LIBRARY = "libc++";
				CLANG_ENABLE_MODULES = YES;
				CLANG_ENABLE_OBJC_ARC = YES;
				CLANG_ENABLE_OBJC_WEAK = YES;
				CLANG_WARN_BLOCK_CAPTURE_AUTORELEASING = YES;
				CLANG_WARN_BOOL_CONVERSION = YES;
				CLANG_WARN_COMMA = YES;
				CLANG_WARN_CONSTANT_CONVERSION = YES;
				CLANG_WARN_DEPRECATED_OBJC_IMPLEMENTATIONS = YES;
				CLANG_WARN_DIRECT_OBJC_ISA_USAGE = YES_ERROR;
				CLANG_WARN_DOCUMENTATION_COMMENTS = YES;
				CLANG_WARN_EMPTY_BODY = YES;
				CLANG_WARN_ENUM_CONVERSION = YES;
				CLANG_WARN_INFINITE_RECURSION = YES;
				CLANG_WARN_INT_CONVERSION = YES;
				CLANG_WARN_NON_LITERAL_NULL_CONVERSION = YES;
				CLANG_WARN_OBJC_IMPLICIT_RETAIN_SELF = YES;
				CLANG_WARN_OBJC_LITERAL_CONVERSION = YES;
				CLANG_WARN_OBJC_ROOT_CLASS = YES_ERROR;
				CLANG_WARN_QUOTED_INCLUDE_IN_FRAMEWORK_HEADER = YES;
				CLANG_WARN_RANGE_LOOP_ANALYSIS = YES;
				CLANG_WARN_STRICT_PROTOTYPES = YES;
				CLANG_WARN_SUSPICIOUS_MOVE = YES;
				CLANG_WARN_UNGUARDED_AVAILABILITY = YES_AGGRESSIVE;
				CLANG_WARN_UNREACHABLE_CODE = YES;
				CLANG_WARN__DUPLICATE_METHOD_MATCH = YES;
				COPY_PHASE_STRIP = NO;
				DEBUG_INFORMATION_FORMAT = dwarf;
				ENABLE_STRICT_OBJC_MSGSEND = YES;
				ENABLE_TESTABILITY = YES;
				GCC_C_LANGUAGE_STANDARD = gnu11;
				GCC_DYNAMIC_NO_PIC = NO;
				GCC_NO_COMMON_BLOCKS = YES;
				GCC_OPTIMIZATION_LEVEL = 0;
				GCC_PREPROCESSOR_DEFINITIONS = (
					"$(inherited)",
					"DEBUG=1",
				);
				GCC_WARN_64_TO_32_BIT_CONVERSION = YES;
				GCC_WARN_ABOUT_RETURN_TYPE = YES_ERROR;
				GCC_WARN_UNDECLARED_SELECTOR = YES;
				GCC_WARN_UNINITIALIZED_AUTOS = YES_AGGRESSIVE;
				GCC_WARN_UNUSED_FUNCTION = YES;
				GCC_WARN_UNUSED_VARIABLE = YES;
				MTL_ENABLE_DEBUG_INFO = INCLUDE_SOURCE;
				MTL_FAST_MATH = YES;
				ONLY_ACTIVE_ARCH = YES;
				PRODUCT_NAME = "$(TARGET_NAME)";
				SDKROOT = iphoneos;
				SWIFT_ACTIVE_COMPILATION_CONDITIONS = DEBUG;
				SWIFT_OPTIMIZATION_LEVEL = "-Onone";
				SWIFT_VERSION = 5.0;
			};
			name = Debug;
		};
		A46E06ADD13E65DD94082C94 /* Debug */ = {
			isa = XCBuildConfiguration;
			buildSettings = {
				ASSETCATALOG_COMPILER_APPICON_NAME = AppIcon;
				CODE_SIGN_IDENTITY = "iPhone Developer";
				DEVELOPMENT_TEAM = X3DMQ35L3N;
				INFOPLIST_FILE = Sources/BetterSleep/Info.plist;
				IPHONEOS_DEPLOYMENT_TARGET = 13.0;
				LD_RUNPATH_SEARCH_PATHS = (
					"$(inherited)",
					"@executable_path/Frameworks",
				);
				PRODUCT_BUNDLE_IDENTIFIER = com.example.BetterSleep;
				SDKROOT = iphoneos;
				TARGETED_DEVICE_FAMILY = "1,2";
			};
			name = Debug;
		};
		F82221FF20E803272DFFB559 /* Release */ = {
			isa = XCBuildConfiguration;
			buildSettings = {
				ASSETCATALOG_COMPILER_APPICON_NAME = AppIcon;
				CODE_SIGN_IDENTITY = "iPhone Developer";
				DEVELOPMENT_TEAM = X3DMQ35L3N;
				INFOPLIST_FILE = Sources/BetterSleep/Info.plist;
				IPHONEOS_DEPLOYMENT_TARGET = 13.0;
				LD_RUNPATH_SEARCH_PATHS = (
					"$(inherited)",
					"@executable_path/Frameworks",
				);
				PRODUCT_BUNDLE_IDENTIFIER = com.example.BetterSleep;
				SDKROOT = iphoneos;
				TARGETED_DEVICE_FAMILY = "1,2";
			};
			name = Release;
		};
/* End XCBuildConfiguration section */

/* Begin XCConfigurationList section */
		69C57F183AFF5C0F5ED0DC8F /* Build configuration list for PBXNativeTarget "BetterSleep" */ = {
			isa = XCConfigurationList;
			buildConfigurations = (
				A46E06ADD13E65DD94082C94 /* Debug */,
				F82221FF20E803272DFFB559 /* Release */,
			);
			defaultConfigurationIsVisible = 0;
			defaultConfigurationName = Debug;
		};
		769DABAC397494293752D121 /* Build configuration list for PBXProject "BetterSleep" */ = {
			isa = XCConfigurationList;
			buildConfigurations = (
				82F0B515951B6D3FD54FCF44 /* Debug */,
				641CFCE9CC94814A87C4E706 /* Release */,
			);
			defaultConfigurationIsVisible = 0;
			defaultConfigurationName = Debug;
		};
/* End XCConfigurationList section */
	};
	rootObject = 13089481B76125D496395FF1 /* Project object */;
}
